
Microsoft Visual Studio Solution File, Format Version 12.00
# Visual Studio 14
VisualStudioVersion = 14.0.25420.1
MinimumVisualStudioVersion = 10.0.40219.1
Project("{2150E333-8FDC-42A3-9474-1A3956D46DE8}") = ".paket", ".paket", "{4508AE6B-DACC-4BDF-936E-0AAAB409135C}"
	ProjectSection(SolutionItems) = preProject
		build.fsx = build.fsx
		..\CHANGES.md = ..\CHANGES.md
		paket.dependencies = paket.dependencies
	EndProjectSection
EndProject
Project("{8BC9CEB8-8B4A-11D0-8D11-00A0C91BC942}") = "libLZ4", "libLZ4\libLZ4.vcxproj", "{72962F32-12A3-4A36-A003-AFE44FC239A3}"
EndProject
Project("{8BC9CEB8-8B4A-11D0-8D11-00A0C91BC942}") = "LZ4cc", "LZ4cc\LZ4cc.vcxproj", "{5A7AED54-B6C2-44E2-830A-FE08FBCCEAA5}"
EndProject
Project("{8BC9CEB8-8B4A-11D0-8D11-00A0C91BC942}") = "LZ4mm", "LZ4mm\LZ4mm.vcxproj", "{A9D66273-483D-4359-A55A-F0A8D2E6271F}"
	ProjectSection(ProjectDependencies) = postProject
		{72962F32-12A3-4A36-A003-AFE44FC239A3} = {72962F32-12A3-4A36-A003-AFE44FC239A3}
	EndProjectSection
EndProject
Project("{FAE04EC0-301F-11D3-BF4B-00C04F79EFBC}") = "LZ4", "LZ4\LZ4.csproj", "{3DB8E05B-22F8-4B64-8B0C-9AC95293EAD5}"
EndProject
Project("{2150E333-8FDC-42A3-9474-1A3956D46DE8}") = "Generators", "Generators", "{85B95674-5CF7-4548-BB4F-5A23A71A0AA2}"
	ProjectSection(SolutionItems) = preProject
		adapters\cs\gen_safe32_lz4.c = adapters\cs\gen_safe32_lz4.c
		adapters\cs\gen_safe64_lz4.c = adapters\cs\gen_safe64_lz4.c
		adapters\cs\gen_unsafe32_lz4.c = adapters\cs\gen_unsafe32_lz4.c
		adapters\cs\gen_unsafe64_lz4.c = adapters\cs\gen_unsafe64_lz4.c
		adapters\cs\lz4_cs_adapter.h = adapters\cs\lz4_cs_adapter.h
		adapters\cs\process.cmd = adapters\cs\process.cmd
	EndProjectSection
EndProject
Project("{2150E333-8FDC-42A3-9474-1A3956D46DE8}") = "Tests", "Tests", "{ABD35578-609F-43CC-8749-5E1EA196560B}"
EndProject
Project("{FAE04EC0-301F-11D3-BF4B-00C04F79EFBC}") = "LZ4.Tests", "LZ4.Tests\LZ4.Tests.csproj", "{5CC5CF21-5EF3-4B70-A191-22946C8C4175}"
EndProject
Project("{FAE04EC0-301F-11D3-BF4B-00C04F79EFBC}") = "LZ4.MixedModeAutoLoad", "misc\LZ4.MixedModeAutoLoad\LZ4.MixedModeAutoLoad.csproj", "{4F147A19-3F56-4D50-BB57-C472F45C3CC1}"
EndProject
Project("{FAE04EC0-301F-11D3-BF4B-00C04F79EFBC}") = "LZ4.Tests.Continuous", "misc\LZ4.Tests.Continuous\LZ4.Tests.Continuous.csproj", "{D42728A8-B824-4C7A-84D7-AFFD3CB17F90}"
EndProject
Project("{FAE04EC0-301F-11D3-BF4B-00C04F79EFBC}") = "LZ4.Tests.Helpers", "LZ4.Tests.Helpers\LZ4.Tests.Helpers.csproj", "{FCE38D40-0406-47F4-930D-03534E7F9119}"
EndProject
Project("{FAE04EC0-301F-11D3-BF4B-00C04F79EFBC}") = "LZ4.portable", "LZ4.portable\LZ4.portable.csproj", "{2E4012F6-57B3-4F92-BC70-4B8B33252918}"
EndProject
Project("{FAE04EC0-301F-11D3-BF4B-00C04F79EFBC}") = "LZ4.silverlight", "LZ4.silverlight\LZ4.silverlight.csproj", "{A078273D-F89B-4C86-8195-C4446BEF6B42}"
EndProject
Project("{FAE04EC0-301F-11D3-BF4B-00C04F79EFBC}") = "LZ4ps", "LZ4ps\LZ4ps.csproj", "{7AF681FE-7575-4677-BDF0-5E0ED5300FCB}"
EndProject
Project("{FAE04EC0-301F-11D3-BF4B-00C04F79EFBC}") = "LZ4pn", "LZ4pn\LZ4pn.csproj", "{122171E5-3CA2-49D4-B452-8FD2BF03C174}"
EndProject
Project("{2150E333-8FDC-42A3-9474-1A3956D46DE8}") = "Codecs", "Codecs", "{9644C40A-B471-4569-AE53-977F2A49C4B3}"
EndProject
Project("{2150E333-8FDC-42A3-9474-1A3956D46DE8}") = "Facades", "Facades", "{EB8AB2C5-4734-4C46-B010-A666D3A21464}"
EndProject
Project("{FAE04EC0-301F-11D3-BF4B-00C04F79EFBC}") = "LZ4.net2", "LZ4.net2\LZ4.net2.csproj", "{89787996-DAC4-44CF-8EF4-56FD1B5D2E0D}"
EndProject
Project("{FAE04EC0-301F-11D3-BF4B-00C04F79EFBC}") = "LZ4.MiniApp", "misc\LZ4.MiniApp\LZ4.MiniApp.csproj", "{C6909539-ED25-4237-B6BC-AF4017B1622C}"
EndProject
Project("{8BB2217D-0F2D-49D1-97BC-3654ED321F3B}") = "LZ4.netcore", "LZ4.netcore\LZ4.netcore.xproj", "{A887C2CA-33AD-416A-A20A-640605B7BEF2}"
EndProject
Project("{8BB2217D-0F2D-49D1-97BC-3654ED321F3B}") = "LZ4pn.dnx", "LZ4pn.dnx\LZ4pn.dnx.xproj", "{14D86E5F-D568-43BB-96CD-BC9F6BC76181}"
EndProject
Global
	GlobalSection(SolutionConfigurationPlatforms) = preSolution
		Debug|Any CPU = Debug|Any CPU
		Debug|Mixed Platforms = Debug|Mixed Platforms
		Debug|x64 = Debug|x64
		Debug|x86 = Debug|x86
		Release|Any CPU = Release|Any CPU
		Release|Mixed Platforms = Release|Mixed Platforms
		Release|x64 = Release|x64
		Release|x86 = Release|x86
	EndGlobalSection
	GlobalSection(ProjectConfigurationPlatforms) = postSolution
		{72962F32-12A3-4A36-A003-AFE44FC239A3}.Debug|Any CPU.ActiveCfg = Debug|x64
		{72962F32-12A3-4A36-A003-AFE44FC239A3}.Debug|Any CPU.Build.0 = Debug|x64
		{72962F32-12A3-4A36-A003-AFE44FC239A3}.Debug|Mixed Platforms.ActiveCfg = Debug|Win32
		{72962F32-12A3-4A36-A003-AFE44FC239A3}.Debug|Mixed Platforms.Build.0 = Debug|Win32
		{72962F32-12A3-4A36-A003-AFE44FC239A3}.Debug|x64.ActiveCfg = Debug|x64
		{72962F32-12A3-4A36-A003-AFE44FC239A3}.Debug|x64.Build.0 = Debug|x64
		{72962F32-12A3-4A36-A003-AFE44FC239A3}.Debug|x86.ActiveCfg = Debug|Win32
		{72962F32-12A3-4A36-A003-AFE44FC239A3}.Debug|x86.Build.0 = Debug|Win32
		{72962F32-12A3-4A36-A003-AFE44FC239A3}.Release|Any CPU.ActiveCfg = Release|x64
		{72962F32-12A3-4A36-A003-AFE44FC239A3}.Release|Any CPU.Build.0 = Release|x64
		{72962F32-12A3-4A36-A003-AFE44FC239A3}.Release|Mixed Platforms.ActiveCfg = Release|Win32
		{72962F32-12A3-4A36-A003-AFE44FC239A3}.Release|Mixed Platforms.Build.0 = Release|Win32
		{72962F32-12A3-4A36-A003-AFE44FC239A3}.Release|x64.ActiveCfg = Release|x64
		{72962F32-12A3-4A36-A003-AFE44FC239A3}.Release|x64.Build.0 = Release|x64
		{72962F32-12A3-4A36-A003-AFE44FC239A3}.Release|x86.ActiveCfg = Release|Win32
		{72962F32-12A3-4A36-A003-AFE44FC239A3}.Release|x86.Build.0 = Release|Win32
		{5A7AED54-B6C2-44E2-830A-FE08FBCCEAA5}.Debug|Any CPU.ActiveCfg = Debug|x64
		{5A7AED54-B6C2-44E2-830A-FE08FBCCEAA5}.Debug|Any CPU.Build.0 = Debug|x64
		{5A7AED54-B6C2-44E2-830A-FE08FBCCEAA5}.Debug|Mixed Platforms.ActiveCfg = Debug|Win32
		{5A7AED54-B6C2-44E2-830A-FE08FBCCEAA5}.Debug|Mixed Platforms.Build.0 = Debug|Win32
		{5A7AED54-B6C2-44E2-830A-FE08FBCCEAA5}.Debug|x64.ActiveCfg = Debug|x64
		{5A7AED54-B6C2-44E2-830A-FE08FBCCEAA5}.Debug|x64.Build.0 = Debug|x64
		{5A7AED54-B6C2-44E2-830A-FE08FBCCEAA5}.Debug|x86.ActiveCfg = Debug|Win32
		{5A7AED54-B6C2-44E2-830A-FE08FBCCEAA5}.Debug|x86.Build.0 = Debug|Win32
		{5A7AED54-B6C2-44E2-830A-FE08FBCCEAA5}.Release|Any CPU.ActiveCfg = Release|x64
		{5A7AED54-B6C2-44E2-830A-FE08FBCCEAA5}.Release|Any CPU.Build.0 = Release|x64
		{5A7AED54-B6C2-44E2-830A-FE08FBCCEAA5}.Release|Mixed Platforms.ActiveCfg = Release|Win32
		{5A7AED54-B6C2-44E2-830A-FE08FBCCEAA5}.Release|Mixed Platforms.Build.0 = Release|Win32
		{5A7AED54-B6C2-44E2-830A-FE08FBCCEAA5}.Release|x64.ActiveCfg = Release|x64
		{5A7AED54-B6C2-44E2-830A-FE08FBCCEAA5}.Release|x64.Build.0 = Release|x64
		{5A7AED54-B6C2-44E2-830A-FE08FBCCEAA5}.Release|x86.ActiveCfg = Release|Win32
		{5A7AED54-B6C2-44E2-830A-FE08FBCCEAA5}.Release|x86.Build.0 = Release|Win32
		{A9D66273-483D-4359-A55A-F0A8D2E6271F}.Debug|Any CPU.ActiveCfg = Debug|x64
		{A9D66273-483D-4359-A55A-F0A8D2E6271F}.Debug|Any CPU.Build.0 = Debug|x64
		{A9D66273-483D-4359-A55A-F0A8D2E6271F}.Debug|Mixed Platforms.ActiveCfg = Debug|Win32
		{A9D66273-483D-4359-A55A-F0A8D2E6271F}.Debug|Mixed Platforms.Build.0 = Debug|Win32
		{A9D66273-483D-4359-A55A-F0A8D2E6271F}.Debug|x64.ActiveCfg = Debug|x64
		{A9D66273-483D-4359-A55A-F0A8D2E6271F}.Debug|x64.Build.0 = Debug|x64
		{A9D66273-483D-4359-A55A-F0A8D2E6271F}.Debug|x86.ActiveCfg = Debug|Win32
		{A9D66273-483D-4359-A55A-F0A8D2E6271F}.Debug|x86.Build.0 = Debug|Win32
		{A9D66273-483D-4359-A55A-F0A8D2E6271F}.Release|Any CPU.ActiveCfg = Release|x64
		{A9D66273-483D-4359-A55A-F0A8D2E6271F}.Release|Any CPU.Build.0 = Release|x64
		{A9D66273-483D-4359-A55A-F0A8D2E6271F}.Release|Mixed Platforms.ActiveCfg = Release|Win32
		{A9D66273-483D-4359-A55A-F0A8D2E6271F}.Release|Mixed Platforms.Build.0 = Release|Win32
		{A9D66273-483D-4359-A55A-F0A8D2E6271F}.Release|x64.ActiveCfg = Release|x64
		{A9D66273-483D-4359-A55A-F0A8D2E6271F}.Release|x64.Build.0 = Release|x64
		{A9D66273-483D-4359-A55A-F0A8D2E6271F}.Release|x86.ActiveCfg = Release|Win32
		{A9D66273-483D-4359-A55A-F0A8D2E6271F}.Release|x86.Build.0 = Release|Win32
		{3DB8E05B-22F8-4B64-8B0C-9AC95293EAD5}.Debug|Any CPU.ActiveCfg = Debug|Any CPU
		{3DB8E05B-22F8-4B64-8B0C-9AC95293EAD5}.Debug|Any CPU.Build.0 = Debug|Any CPU
		{3DB8E05B-22F8-4B64-8B0C-9AC95293EAD5}.Debug|Mixed Platforms.ActiveCfg = Debug|Any CPU
		{3DB8E05B-22F8-4B64-8B0C-9AC95293EAD5}.Debug|Mixed Platforms.Build.0 = Debug|Any CPU
		{3DB8E05B-22F8-4B64-8B0C-9AC95293EAD5}.Debug|x64.ActiveCfg = Debug|Any CPU
		{3DB8E05B-22F8-4B64-8B0C-9AC95293EAD5}.Debug|x64.Build.0 = Debug|Any CPU
		{3DB8E05B-22F8-4B64-8B0C-9AC95293EAD5}.Debug|x86.ActiveCfg = Debug|Any CPU
		{3DB8E05B-22F8-4B64-8B0C-9AC95293EAD5}.Debug|x86.Build.0 = Debug|Any CPU
		{3DB8E05B-22F8-4B64-8B0C-9AC95293EAD5}.Release|Any CPU.ActiveCfg = Release|Any CPU
		{3DB8E05B-22F8-4B64-8B0C-9AC95293EAD5}.Release|Any CPU.Build.0 = Release|Any CPU
		{3DB8E05B-22F8-4B64-8B0C-9AC95293EAD5}.Release|Mixed Platforms.ActiveCfg = Release|Any CPU
		{3DB8E05B-22F8-4B64-8B0C-9AC95293EAD5}.Release|Mixed Platforms.Build.0 = Release|Any CPU
		{3DB8E05B-22F8-4B64-8B0C-9AC95293EAD5}.Release|x64.ActiveCfg = Release|Any CPU
		{3DB8E05B-22F8-4B64-8B0C-9AC95293EAD5}.Release|x64.Build.0 = Release|Any CPU
		{3DB8E05B-22F8-4B64-8B0C-9AC95293EAD5}.Release|x86.ActiveCfg = Release|Any CPU
		{3DB8E05B-22F8-4B64-8B0C-9AC95293EAD5}.Release|x86.Build.0 = Release|Any CPU
		{5CC5CF21-5EF3-4B70-A191-22946C8C4175}.Debug|Any CPU.ActiveCfg = Debug|x64
		{5CC5CF21-5EF3-4B70-A191-22946C8C4175}.Debug|Any CPU.Build.0 = Debug|x64
		{5CC5CF21-5EF3-4B70-A191-22946C8C4175}.Debug|Mixed Platforms.ActiveCfg = Debug|x86
		{5CC5CF21-5EF3-4B70-A191-22946C8C4175}.Debug|Mixed Platforms.Build.0 = Debug|x86
		{5CC5CF21-5EF3-4B70-A191-22946C8C4175}.Debug|x64.ActiveCfg = Debug|x64
		{5CC5CF21-5EF3-4B70-A191-22946C8C4175}.Debug|x64.Build.0 = Debug|x64
		{5CC5CF21-5EF3-4B70-A191-22946C8C4175}.Debug|x86.ActiveCfg = Debug|x86
		{5CC5CF21-5EF3-4B70-A191-22946C8C4175}.Debug|x86.Build.0 = Debug|x86
		{5CC5CF21-5EF3-4B70-A191-22946C8C4175}.Release|Any CPU.ActiveCfg = Release|x64
		{5CC5CF21-5EF3-4B70-A191-22946C8C4175}.Release|Any CPU.Build.0 = Release|x64
		{5CC5CF21-5EF3-4B70-A191-22946C8C4175}.Release|Mixed Platforms.ActiveCfg = Release|x86
		{5CC5CF21-5EF3-4B70-A191-22946C8C4175}.Release|Mixed Platforms.Build.0 = Release|x86
		{5CC5CF21-5EF3-4B70-A191-22946C8C4175}.Release|x64.ActiveCfg = Release|x64
		{5CC5CF21-5EF3-4B70-A191-22946C8C4175}.Release|x64.Build.0 = Release|x64
		{5CC5CF21-5EF3-4B70-A191-22946C8C4175}.Release|x86.ActiveCfg = Release|x86
		{5CC5CF21-5EF3-4B70-A191-22946C8C4175}.Release|x86.Build.0 = Release|x86
		{4F147A19-3F56-4D50-BB57-C472F45C3CC1}.Debug|Any CPU.ActiveCfg = Debug|Any CPU
		{4F147A19-3F56-4D50-BB57-C472F45C3CC1}.Debug|Any CPU.Build.0 = Debug|Any CPU
		{4F147A19-3F56-4D50-BB57-C472F45C3CC1}.Debug|Mixed Platforms.ActiveCfg = Debug|Any CPU
		{4F147A19-3F56-4D50-BB57-C472F45C3CC1}.Debug|Mixed Platforms.Build.0 = Debug|Any CPU
		{4F147A19-3F56-4D50-BB57-C472F45C3CC1}.Debug|x64.ActiveCfg = Debug|Any CPU
		{4F147A19-3F56-4D50-BB57-C472F45C3CC1}.Debug|x64.Build.0 = Debug|Any CPU
		{4F147A19-3F56-4D50-BB57-C472F45C3CC1}.Debug|x86.ActiveCfg = Debug|Any CPU
		{4F147A19-3F56-4D50-BB57-C472F45C3CC1}.Debug|x86.Build.0 = Debug|Any CPU
		{4F147A19-3F56-4D50-BB57-C472F45C3CC1}.Release|Any CPU.ActiveCfg = Release|Any CPU
		{4F147A19-3F56-4D50-BB57-C472F45C3CC1}.Release|Any CPU.Build.0 = Release|Any CPU
		{4F147A19-3F56-4D50-BB57-C472F45C3CC1}.Release|Mixed Platforms.ActiveCfg = Release|Any CPU
		{4F147A19-3F56-4D50-BB57-C472F45C3CC1}.Release|Mixed Platforms.Build.0 = Release|Any CPU
		{4F147A19-3F56-4D50-BB57-C472F45C3CC1}.Release|x64.ActiveCfg = Release|Any CPU
		{4F147A19-3F56-4D50-BB57-C472F45C3CC1}.Release|x64.Build.0 = Release|Any CPU
		{4F147A19-3F56-4D50-BB57-C472F45C3CC1}.Release|x86.ActiveCfg = Release|Any CPU
		{4F147A19-3F56-4D50-BB57-C472F45C3CC1}.Release|x86.Build.0 = Release|Any CPU
		{D42728A8-B824-4C7A-84D7-AFFD3CB17F90}.Debug|Any CPU.ActiveCfg = Debug|x64
		{D42728A8-B824-4C7A-84D7-AFFD3CB17F90}.Debug|Any CPU.Build.0 = Debug|x64
		{D42728A8-B824-4C7A-84D7-AFFD3CB17F90}.Debug|Mixed Platforms.ActiveCfg = Debug|x86
		{D42728A8-B824-4C7A-84D7-AFFD3CB17F90}.Debug|Mixed Platforms.Build.0 = Debug|x86
		{D42728A8-B824-4C7A-84D7-AFFD3CB17F90}.Debug|x64.ActiveCfg = Debug|x64
		{D42728A8-B824-4C7A-84D7-AFFD3CB17F90}.Debug|x64.Build.0 = Debug|x64
		{D42728A8-B824-4C7A-84D7-AFFD3CB17F90}.Debug|x86.ActiveCfg = Debug|x86
		{D42728A8-B824-4C7A-84D7-AFFD3CB17F90}.Debug|x86.Build.0 = Debug|x86
		{D42728A8-B824-4C7A-84D7-AFFD3CB17F90}.Release|Any CPU.ActiveCfg = Release|x64
		{D42728A8-B824-4C7A-84D7-AFFD3CB17F90}.Release|Any CPU.Build.0 = Release|x64
		{D42728A8-B824-4C7A-84D7-AFFD3CB17F90}.Release|Mixed Platforms.ActiveCfg = Release|x86
		{D42728A8-B824-4C7A-84D7-AFFD3CB17F90}.Release|Mixed Platforms.Build.0 = Release|x86
		{D42728A8-B824-4C7A-84D7-AFFD3CB17F90}.Release|x64.ActiveCfg = Release|x64
		{D42728A8-B824-4C7A-84D7-AFFD3CB17F90}.Release|x64.Build.0 = Release|x64
		{D42728A8-B824-4C7A-84D7-AFFD3CB17F90}.Release|x86.ActiveCfg = Release|x86
		{D42728A8-B824-4C7A-84D7-AFFD3CB17F90}.Release|x86.Build.0 = Release|x86
		{FCE38D40-0406-47F4-930D-03534E7F9119}.Debug|Any CPU.ActiveCfg = Debug|Any CPU
		{FCE38D40-0406-47F4-930D-03534E7F9119}.Debug|Any CPU.Build.0 = Debug|Any CPU
		{FCE38D40-0406-47F4-930D-03534E7F9119}.Debug|Mixed Platforms.ActiveCfg = Debug|Any CPU
		{FCE38D40-0406-47F4-930D-03534E7F9119}.Debug|Mixed Platforms.Build.0 = Debug|Any CPU
		{FCE38D40-0406-47F4-930D-03534E7F9119}.Debug|x64.ActiveCfg = Debug|Any CPU
		{FCE38D40-0406-47F4-930D-03534E7F9119}.Debug|x64.Build.0 = Debug|Any CPU
		{FCE38D40-0406-47F4-930D-03534E7F9119}.Debug|x86.ActiveCfg = Debug|Any CPU
		{FCE38D40-0406-47F4-930D-03534E7F9119}.Debug|x86.Build.0 = Debug|Any CPU
		{FCE38D40-0406-47F4-930D-03534E7F9119}.Release|Any CPU.ActiveCfg = Release|Any CPU
		{FCE38D40-0406-47F4-930D-03534E7F9119}.Release|Any CPU.Build.0 = Release|Any CPU
		{FCE38D40-0406-47F4-930D-03534E7F9119}.Release|Mixed Platforms.ActiveCfg = Release|Any CPU
		{FCE38D40-0406-47F4-930D-03534E7F9119}.Release|Mixed Platforms.Build.0 = Release|Any CPU
		{FCE38D40-0406-47F4-930D-03534E7F9119}.Release|x64.ActiveCfg = Release|Any CPU
		{FCE38D40-0406-47F4-930D-03534E7F9119}.Release|x64.Build.0 = Release|Any CPU
		{FCE38D40-0406-47F4-930D-03534E7F9119}.Release|x86.ActiveCfg = Release|Any CPU
		{FCE38D40-0406-47F4-930D-03534E7F9119}.Release|x86.Build.0 = Release|Any CPU
		{2E4012F6-57B3-4F92-BC70-4B8B33252918}.Debug|Any CPU.ActiveCfg = Debug|Any CPU
		{2E4012F6-57B3-4F92-BC70-4B8B33252918}.Debug|Any CPU.Build.0 = Debug|Any CPU
		{2E4012F6-57B3-4F92-BC70-4B8B33252918}.Debug|Mixed Platforms.ActiveCfg = Debug|Any CPU
		{2E4012F6-57B3-4F92-BC70-4B8B33252918}.Debug|Mixed Platforms.Build.0 = Debug|Any CPU
		{2E4012F6-57B3-4F92-BC70-4B8B33252918}.Debug|x64.ActiveCfg = Debug|Any CPU
		{2E4012F6-57B3-4F92-BC70-4B8B33252918}.Debug|x64.Build.0 = Debug|Any CPU
		{2E4012F6-57B3-4F92-BC70-4B8B33252918}.Debug|x86.ActiveCfg = Debug|Any CPU
		{2E4012F6-57B3-4F92-BC70-4B8B33252918}.Debug|x86.Build.0 = Debug|Any CPU
		{2E4012F6-57B3-4F92-BC70-4B8B33252918}.Release|Any CPU.ActiveCfg = Release|Any CPU
		{2E4012F6-57B3-4F92-BC70-4B8B33252918}.Release|Any CPU.Build.0 = Release|Any CPU
		{2E4012F6-57B3-4F92-BC70-4B8B33252918}.Release|Mixed Platforms.ActiveCfg = Release|Any CPU
		{2E4012F6-57B3-4F92-BC70-4B8B33252918}.Release|Mixed Platforms.Build.0 = Release|Any CPU
		{2E4012F6-57B3-4F92-BC70-4B8B33252918}.Release|x64.ActiveCfg = Release|Any CPU
		{2E4012F6-57B3-4F92-BC70-4B8B33252918}.Release|x64.Build.0 = Release|Any CPU
		{2E4012F6-57B3-4F92-BC70-4B8B33252918}.Release|x86.ActiveCfg = Release|Any CPU
		{2E4012F6-57B3-4F92-BC70-4B8B33252918}.Release|x86.Build.0 = Release|Any CPU
		{A078273D-F89B-4C86-8195-C4446BEF6B42}.Debug|Any CPU.ActiveCfg = Debug|Any CPU
		{A078273D-F89B-4C86-8195-C4446BEF6B42}.Debug|Any CPU.Build.0 = Debug|Any CPU
		{A078273D-F89B-4C86-8195-C4446BEF6B42}.Debug|Mixed Platforms.ActiveCfg = Debug|Any CPU
		{A078273D-F89B-4C86-8195-C4446BEF6B42}.Debug|Mixed Platforms.Build.0 = Debug|Any CPU
		{A078273D-F89B-4C86-8195-C4446BEF6B42}.Debug|x64.ActiveCfg = Debug|Any CPU
		{A078273D-F89B-4C86-8195-C4446BEF6B42}.Debug|x64.Build.0 = Debug|Any CPU
		{A078273D-F89B-4C86-8195-C4446BEF6B42}.Debug|x86.ActiveCfg = Debug|Any CPU
		{A078273D-F89B-4C86-8195-C4446BEF6B42}.Debug|x86.Build.0 = Debug|Any CPU
		{A078273D-F89B-4C86-8195-C4446BEF6B42}.Release|Any CPU.ActiveCfg = Release|Any CPU
		{A078273D-F89B-4C86-8195-C4446BEF6B42}.Release|Any CPU.Build.0 = Release|Any CPU
		{A078273D-F89B-4C86-8195-C4446BEF6B42}.Release|Mixed Platforms.ActiveCfg = Release|Any CPU
		{A078273D-F89B-4C86-8195-C4446BEF6B42}.Release|Mixed Platforms.Build.0 = Release|Any CPU
		{A078273D-F89B-4C86-8195-C4446BEF6B42}.Release|x64.ActiveCfg = Release|Any CPU
		{A078273D-F89B-4C86-8195-C4446BEF6B42}.Release|x64.Build.0 = Release|Any CPU
		{A078273D-F89B-4C86-8195-C4446BEF6B42}.Release|x86.ActiveCfg = Release|Any CPU
		{A078273D-F89B-4C86-8195-C4446BEF6B42}.Release|x86.Build.0 = Release|Any CPU
		{7AF681FE-7575-4677-BDF0-5E0ED5300FCB}.Debug|Any CPU.ActiveCfg = Debug|Any CPU
		{7AF681FE-7575-4677-BDF0-5E0ED5300FCB}.Debug|Any CPU.Build.0 = Debug|Any CPU
		{7AF681FE-7575-4677-BDF0-5E0ED5300FCB}.Debug|Mixed Platforms.ActiveCfg = Debug|Any CPU
		{7AF681FE-7575-4677-BDF0-5E0ED5300FCB}.Debug|Mixed Platforms.Build.0 = Debug|Any CPU
		{7AF681FE-7575-4677-BDF0-5E0ED5300FCB}.Debug|x64.ActiveCfg = Debug|Any CPU
		{7AF681FE-7575-4677-BDF0-5E0ED5300FCB}.Debug|x64.Build.0 = Debug|Any CPU
		{7AF681FE-7575-4677-BDF0-5E0ED5300FCB}.Debug|x86.ActiveCfg = Debug|Any CPU
		{7AF681FE-7575-4677-BDF0-5E0ED5300FCB}.Debug|x86.Build.0 = Debug|Any CPU
		{7AF681FE-7575-4677-BDF0-5E0ED5300FCB}.Release|Any CPU.ActiveCfg = Release|Any CPU
		{7AF681FE-7575-4677-BDF0-5E0ED5300FCB}.Release|Any CPU.Build.0 = Release|Any CPU
		{7AF681FE-7575-4677-BDF0-5E0ED5300FCB}.Release|Mixed Platforms.ActiveCfg = Release|Any CPU
		{7AF681FE-7575-4677-BDF0-5E0ED5300FCB}.Release|Mixed Platforms.Build.0 = Release|Any CPU
		{7AF681FE-7575-4677-BDF0-5E0ED5300FCB}.Release|x64.ActiveCfg = Release|Any CPU
		{7AF681FE-7575-4677-BDF0-5E0ED5300FCB}.Release|x64.Build.0 = Release|Any CPU
		{7AF681FE-7575-4677-BDF0-5E0ED5300FCB}.Release|x86.ActiveCfg = Release|Any CPU
		{7AF681FE-7575-4677-BDF0-5E0ED5300FCB}.Release|x86.Build.0 = Release|Any CPU
		{122171E5-3CA2-49D4-B452-8FD2BF03C174}.Debug|Any CPU.ActiveCfg = Debug|Any CPU
		{122171E5-3CA2-49D4-B452-8FD2BF03C174}.Debug|Any CPU.Build.0 = Debug|Any CPU
		{122171E5-3CA2-49D4-B452-8FD2BF03C174}.Debug|Mixed Platforms.ActiveCfg = Debug|Any CPU
		{122171E5-3CA2-49D4-B452-8FD2BF03C174}.Debug|Mixed Platforms.Build.0 = Debug|Any CPU
		{122171E5-3CA2-49D4-B452-8FD2BF03C174}.Debug|x64.ActiveCfg = Debug|Any CPU
		{122171E5-3CA2-49D4-B452-8FD2BF03C174}.Debug|x64.Build.0 = Debug|Any CPU
		{122171E5-3CA2-49D4-B452-8FD2BF03C174}.Debug|x86.ActiveCfg = Debug|Any CPU
		{122171E5-3CA2-49D4-B452-8FD2BF03C174}.Debug|x86.Build.0 = Debug|Any CPU
		{122171E5-3CA2-49D4-B452-8FD2BF03C174}.Release|Any CPU.ActiveCfg = Release|Any CPU
		{122171E5-3CA2-49D4-B452-8FD2BF03C174}.Release|Any CPU.Build.0 = Release|Any CPU
		{122171E5-3CA2-49D4-B452-8FD2BF03C174}.Release|Mixed Platforms.ActiveCfg = Release|Any CPU
		{122171E5-3CA2-49D4-B452-8FD2BF03C174}.Release|Mixed Platforms.Build.0 = Release|Any CPU
		{122171E5-3CA2-49D4-B452-8FD2BF03C174}.Release|x64.ActiveCfg = Release|Any CPU
		{122171E5-3CA2-49D4-B452-8FD2BF03C174}.Release|x64.Build.0 = Release|Any CPU
		{122171E5-3CA2-49D4-B452-8FD2BF03C174}.Release|x86.ActiveCfg = Release|Any CPU
		{122171E5-3CA2-49D4-B452-8FD2BF03C174}.Release|x86.Build.0 = Release|Any CPU
		{89787996-DAC4-44CF-8EF4-56FD1B5D2E0D}.Debug|Any CPU.ActiveCfg = Debug|Any CPU
		{89787996-DAC4-44CF-8EF4-56FD1B5D2E0D}.Debug|Any CPU.Build.0 = Debug|Any CPU
		{89787996-DAC4-44CF-8EF4-56FD1B5D2E0D}.Debug|Mixed Platforms.ActiveCfg = Debug|Any CPU
		{89787996-DAC4-44CF-8EF4-56FD1B5D2E0D}.Debug|Mixed Platforms.Build.0 = Debug|Any CPU
		{89787996-DAC4-44CF-8EF4-56FD1B5D2E0D}.Debug|x64.ActiveCfg = Debug|Any CPU
		{89787996-DAC4-44CF-8EF4-56FD1B5D2E0D}.Debug|x64.Build.0 = Debug|Any CPU
		{89787996-DAC4-44CF-8EF4-56FD1B5D2E0D}.Debug|x86.ActiveCfg = Debug|Any CPU
		{89787996-DAC4-44CF-8EF4-56FD1B5D2E0D}.Debug|x86.Build.0 = Debug|Any CPU
		{89787996-DAC4-44CF-8EF4-56FD1B5D2E0D}.Release|Any CPU.ActiveCfg = Release|Any CPU
		{89787996-DAC4-44CF-8EF4-56FD1B5D2E0D}.Release|Any CPU.Build.0 = Release|Any CPU
		{89787996-DAC4-44CF-8EF4-56FD1B5D2E0D}.Release|Mixed Platforms.ActiveCfg = Release|Any CPU
		{89787996-DAC4-44CF-8EF4-56FD1B5D2E0D}.Release|Mixed Platforms.Build.0 = Release|Any CPU
		{89787996-DAC4-44CF-8EF4-56FD1B5D2E0D}.Release|x64.ActiveCfg = Release|Any CPU
		{89787996-DAC4-44CF-8EF4-56FD1B5D2E0D}.Release|x64.Build.0 = Release|Any CPU
		{89787996-DAC4-44CF-8EF4-56FD1B5D2E0D}.Release|x86.ActiveCfg = Release|Any CPU
		{89787996-DAC4-44CF-8EF4-56FD1B5D2E0D}.Release|x86.Build.0 = Release|Any CPU
		{C6909539-ED25-4237-B6BC-AF4017B1622C}.Debug|Any CPU.ActiveCfg = Debug|Any CPU
		{C6909539-ED25-4237-B6BC-AF4017B1622C}.Debug|Any CPU.Build.0 = Debug|Any CPU
		{C6909539-ED25-4237-B6BC-AF4017B1622C}.Debug|Mixed Platforms.ActiveCfg = Debug|Any CPU
		{C6909539-ED25-4237-B6BC-AF4017B1622C}.Debug|Mixed Platforms.Build.0 = Debug|Any CPU
		{C6909539-ED25-4237-B6BC-AF4017B1622C}.Debug|x64.ActiveCfg = Debug|Any CPU
		{C6909539-ED25-4237-B6BC-AF4017B1622C}.Debug|x86.ActiveCfg = Debug|Any CPU
		{C6909539-ED25-4237-B6BC-AF4017B1622C}.Release|Any CPU.ActiveCfg = Release|Any CPU
		{C6909539-ED25-4237-B6BC-AF4017B1622C}.Release|Any CPU.Build.0 = Release|Any CPU
		{C6909539-ED25-4237-B6BC-AF4017B1622C}.Release|Mixed Platforms.ActiveCfg = Release|Any CPU
		{C6909539-ED25-4237-B6BC-AF4017B1622C}.Release|Mixed Platforms.Build.0 = Release|Any CPU
		{C6909539-ED25-4237-B6BC-AF4017B1622C}.Release|x64.ActiveCfg = Release|Any CPU
		{C6909539-ED25-4237-B6BC-AF4017B1622C}.Release|x86.ActiveCfg = Release|Any CPU
		{A887C2CA-33AD-416A-A20A-640605B7BEF2}.Debug|Any CPU.ActiveCfg = Debug|Any CPU
		{A887C2CA-33AD-416A-A20A-640605B7BEF2}.Debug|Any CPU.Build.0 = Debug|Any CPU
		{A887C2CA-33AD-416A-A20A-640605B7BEF2}.Debug|Mixed Platforms.ActiveCfg = Debug|Any CPU
		{A887C2CA-33AD-416A-A20A-640605B7BEF2}.Debug|Mixed Platforms.Build.0 = Debug|Any CPU
		{A887C2CA-33AD-416A-A20A-640605B7BEF2}.Debug|x64.ActiveCfg = Debug|Any CPU
		{A887C2CA-33AD-416A-A20A-640605B7BEF2}.Debug|x64.Build.0 = Debug|Any CPU
		{A887C2CA-33AD-416A-A20A-640605B7BEF2}.Debug|x86.ActiveCfg = Debug|Any CPU
		{A887C2CA-33AD-416A-A20A-640605B7BEF2}.Debug|x86.Build.0 = Debug|Any CPU
		{A887C2CA-33AD-416A-A20A-640605B7BEF2}.Release|Any CPU.ActiveCfg = Release|Any CPU
		{A887C2CA-33AD-416A-A20A-640605B7BEF2}.Release|Any CPU.Build.0 = Release|Any CPU
		{A887C2CA-33AD-416A-A20A-640605B7BEF2}.Release|Mixed Platforms.ActiveCfg = Release|Any CPU
		{A887C2CA-33AD-416A-A20A-640605B7BEF2}.Release|Mixed Platforms.Build.0 = Release|Any CPU
		{A887C2CA-33AD-416A-A20A-640605B7BEF2}.Release|x64.ActiveCfg = Release|Any CPU
		{A887C2CA-33AD-416A-A20A-640605B7BEF2}.Release|x64.Build.0 = Release|Any CPU
		{A887C2CA-33AD-416A-A20A-640605B7BEF2}.Release|x86.ActiveCfg = Release|Any CPU
		{A887C2CA-33AD-416A-A20A-640605B7BEF2}.Release|x86.Build.0 = Release|Any CPU
		{14D86E5F-D568-43BB-96CD-BC9F6BC76181}.Debug|Any CPU.ActiveCfg = Debug|Any CPU
		{14D86E5F-D568-43BB-96CD-BC9F6BC76181}.Debug|Any CPU.Build.0 = Debug|Any CPU
		{14D86E5F-D568-43BB-96CD-BC9F6BC76181}.Debug|Mixed Platforms.ActiveCfg = Debug|Any CPU
		{14D86E5F-D568-43BB-96CD-BC9F6BC76181}.Debug|Mixed Platforms.Build.0 = Debug|Any CPU
		{14D86E5F-D568-43BB-96CD-BC9F6BC76181}.Debug|x64.ActiveCfg = Debug|Any CPU
		{14D86E5F-D568-43BB-96CD-BC9F6BC76181}.Debug|x64.Build.0 = Debug|Any CPU
		{14D86E5F-D568-43BB-96CD-BC9F6BC76181}.Debug|x86.ActiveCfg = Debug|Any CPU
		{14D86E5F-D568-43BB-96CD-BC9F6BC76181}.Debug|x86.Build.0 = Debug|Any CPU
		{14D86E5F-D568-43BB-96CD-BC9F6BC76181}.Release|Any CPU.ActiveCfg = Release|Any CPU
		{14D86E5F-D568-43BB-96CD-BC9F6BC76181}.Release|Any CPU.Build.0 = Release|Any CPU
		{14D86E5F-D568-43BB-96CD-BC9F6BC76181}.Release|Mixed Platforms.ActiveCfg = Release|Any CPU
		{14D86E5F-D568-43BB-96CD-BC9F6BC76181}.Release|Mixed Platforms.Build.0 = Release|Any CPU
		{14D86E5F-D568-43BB-96CD-BC9F6BC76181}.Release|x64.ActiveCfg = Release|Any CPU
		{14D86E5F-D568-43BB-96CD-BC9F6BC76181}.Release|x64.Build.0 = Release|Any CPU
		{14D86E5F-D568-43BB-96CD-BC9F6BC76181}.Release|x86.ActiveCfg = Release|Any CPU
		{14D86E5F-D568-43BB-96CD-BC9F6BC76181}.Release|x86.Build.0 = Release|Any CPU
	EndGlobalSection
	GlobalSection(SolutionProperties) = preSolution
		HideSolutionNode = FALSE
	EndGlobalSection
	GlobalSection(NestedProjects) = preSolution
		{72962F32-12A3-4A36-A003-AFE44FC239A3} = {9644C40A-B471-4569-AE53-977F2A49C4B3}
		{5A7AED54-B6C2-44E2-830A-FE08FBCCEAA5} = {9644C40A-B471-4569-AE53-977F2A49C4B3}
		{A9D66273-483D-4359-A55A-F0A8D2E6271F} = {9644C40A-B471-4569-AE53-977F2A49C4B3}
		{3DB8E05B-22F8-4B64-8B0C-9AC95293EAD5} = {EB8AB2C5-4734-4C46-B010-A666D3A21464}
		{5CC5CF21-5EF3-4B70-A191-22946C8C4175} = {ABD35578-609F-43CC-8749-5E1EA196560B}
		{4F147A19-3F56-4D50-BB57-C472F45C3CC1} = {ABD35578-609F-43CC-8749-5E1EA196560B}
		{D42728A8-B824-4C7A-84D7-AFFD3CB17F90} = {ABD35578-609F-43CC-8749-5E1EA196560B}
		{FCE38D40-0406-47F4-930D-03534E7F9119} = {ABD35578-609F-43CC-8749-5E1EA196560B}
		{2E4012F6-57B3-4F92-BC70-4B8B33252918} = {EB8AB2C5-4734-4C46-B010-A666D3A21464}
		{A078273D-F89B-4C86-8195-C4446BEF6B42} = {EB8AB2C5-4734-4C46-B010-A666D3A21464}
		{7AF681FE-7575-4677-BDF0-5E0ED5300FCB} = {9644C40A-B471-4569-AE53-977F2A49C4B3}
		{122171E5-3CA2-49D4-B452-8FD2BF03C174} = {9644C40A-B471-4569-AE53-977F2A49C4B3}
		{89787996-DAC4-44CF-8EF4-56FD1B5D2E0D} = {EB8AB2C5-4734-4C46-B010-A666D3A21464}
		{C6909539-ED25-4237-B6BC-AF4017B1622C} = {ABD35578-609F-43CC-8749-5E1EA196560B}
		{A887C2CA-33AD-416A-A20A-640605B7BEF2} = {EB8AB2C5-4734-4C46-B010-A666D3A21464}
		{14D86E5F-D568-43BB-96CD-BC9F6BC76181} = {9644C40A-B471-4569-AE53-977F2A49C4B3}
	EndGlobalSection
EndGlobal
